# Generated by pub
# See http://pub.dartlang.org/doc/glossary.html#lockfile
packages:
  analyzer:
    description: analyzer
    source: hosted
    version: "0.25.0+1"
  args:
    description: args
    source: hosted
    version: "0.12.2+6"
  barback:
    description: barback
    source: hosted
    version: "0.15.2+7"
  bignum:
    description: bignum
    source: hosted
    version: "0.0.7"
  cipher:
    description: cipher
    source: hosted
    version: "0.7.1"
  collection:
    description: collection
    source: hosted
    version: "0.9.4"
  crypto:
    description: crypto
    source: hosted
    version: "0.9.1"
  csslib:
    description: csslib
    source: hosted
    version: "0.12.1"
  fixnum:
    description: fixnum
    source: hosted
    version: "0.9.1+2"
  flare:
    description: flare
    source: hosted
    version: "0.6.1"
  html:
    description: html
    source: hosted
    version: "0.12.2"
  html5lib:
    description: html5lib
    source: hosted
    version: "0.12.1"
  intl:
    description: intl
    source: hosted
    version: "0.8.10+4"
  logging:
    description: logging
    source: hosted
    version: "0.11.1+1"
  markdown:
    description:
      ref: hljs
      resolved-ref: "38df09c8e11ca314d5b424b487311fd494338a0f"
      url: "git@github.com:johnpryan/dart-markdown.git"
    source: git
    version: "0.8.0"
  meta:
    description: meta
    source: hosted
    version: "0.8.8"
  mustache:
    description:
      ref: fix-newlines
      resolved-ref: "04c6201041573e0e62bda9736412512599d0c8ec"
      url: "git@github.com:johnpryan/mustache.git"
    source: git
    version: "0.2.3"
  path:
    description: path
    source: hosted
    version: "1.3.6"
  pool:
    description: pool
    source: hosted
    version: "1.1.0"
  quiver:
    description: quiver
    source: hosted
    version: "0.18.2"
  sass:
    description: sass
    source: hosted
    version: "0.4.2"
  source_maps:
    description: source_maps
    source: hosted
    version: "0.9.4"
  source_span:
    description: source_span
    source: hosted
    version: "1.2.1"
  stack_trace:
    description: stack_trace
    source: hosted
    version: "1.4.2"
  string_scanner:
    description: string_scanner
    source: hosted
    version: "0.0.3"
  utf:
    description: utf
    source: hosted
    version: "0.9.0+2"
  uuid:
    description: uuid
    source: hosted
    version: "0.3.2"
  watcher:
    description: watcher
    source: hosted
    version: "0.9.7"
  yaml:
    description: yaml
    source: hosted
    version: "1.1.1"
